
Microsoft Visual Studio Solution File, Format Version 12.00
# Visual Studio 2013
VisualStudioVersion = 12.0.21005.1
MinimumVisualStudioVersion = 10.0.40219.1
Project("{2150E333-8FDC-42A3-9474-1A3956D46DE8}") = "01_Presentation", "01_Presentation", "{29CB356C-4D16-4222-BB65-1CF14DAF0D09}"
EndProject
Project("{2150E333-8FDC-42A3-9474-1A3956D46DE8}") = "02_Services", "02_Services", "{632319E1-E160-4169-8555-A59448435C7F}"
EndProject
Project("{2150E333-8FDC-42A3-9474-1A3956D46DE8}") = "03_Business", "03_Business", "{FA8AC2E6-A319-4F04-A90B-30211CE9ECB2}"
EndProject
Project("{2150E333-8FDC-42A3-9474-1A3956D46DE8}") = "04_DataAccess", "04_DataAccess", "{4C21BC18-0D88-486A-BC2C-51FF8710A281}"
EndProject
Project("{2150E333-8FDC-42A3-9474-1A3956D46DE8}") = "05_CrossDomain", "05_CrossDomain", "{D69B0DCB-8434-4A2C-A75C-EC175EAA265C}"
EndProject
Project("{2150E333-8FDC-42A3-9474-1A3956D46DE8}") = "06_Plugins", "06_Plugins", "{124A409A-0DA3-4528-80AD-31B16C0BAC0A}"
EndProject
Project("{2150E333-8FDC-42A3-9474-1A3956D46DE8}") = "07_Documents", "07_Documents", "{56B44241-8B82-470F-AC02-9CB264904EE5}"
	ProjectSection(SolutionItems) = preProject
		07_Documents\项目说明文档.docx = 07_Documents\项目说明文档.docx
	EndProjectSection
EndProject
Project("{FAE04EC0-301F-11D3-BF4B-00C04F79EFBC}") = "CL.Plugin.Mail", "06_Plugins\CL.Plugin.Mail\CL.Plugin.Mail.csproj", "{05A083CB-245E-47A4-A17E-07D8C74C4BDC}"
EndProject
Project("{FAE04EC0-301F-11D3-BF4B-00C04F79EFBC}") = "CL.Web.MVC", "01_Presentation\CL.Web.MVC\CL.Web.MVC.csproj", "{A0676043-ADCA-4961-BA43-D7E2D7C60584}"
EndProject
Project("{FAE04EC0-301F-11D3-BF4B-00C04F79EFBC}") = "CL.Services.WCF", "02_Services\CL.Services.WCF\CL.Services.WCF.csproj", "{2AB08D41-0F4F-45BC-A81B-0FA604DCC527}"
EndProject
Project("{FAE04EC0-301F-11D3-BF4B-00C04F79EFBC}") = "CL.CrossDomain.Common", "05_CrossDomain\CL.CrossDomain.Common\CL.CrossDomain.Common.csproj", "{0ED1220A-912D-401A-8307-4154537B6CF1}"
EndProject
Project("{FAE04EC0-301F-11D3-BF4B-00C04F79EFBC}") = "CL.CrossDomain.DomainModel", "05_CrossDomain\CL.CrossDomain.DomainModel\CL.CrossDomain.DomainModel.csproj", "{749E5B76-ABE1-49D9-8CBF-FADCB1FA65C2}"
EndProject
Project("{2150E333-8FDC-42A3-9474-1A3956D46DE8}") = "08_Tests", "08_Tests", "{DA1937A2-A4FD-4DE8-B12C-472009D7D960}"
EndProject
Project("{2150E333-8FDC-42A3-9474-1A3956D46DE8}") = "09_Framework", "09_Framework", "{AF92FC81-E7A1-4AB0-AA35-B279F423593A}"
EndProject
Project("{FAE04EC0-301F-11D3-BF4B-00C04F79EFBC}") = "CL.Framework.Extensions", "09_Framework\CL.Framework.Extensions\CL.Framework.Extensions.csproj", "{A5656E81-32E6-4636-A384-82DD25F00651}"
EndProject
Project("{FAE04EC0-301F-11D3-BF4B-00C04F79EFBC}") = "CL.Framework.Utils", "09_Framework\CL.Framework.Utils\CL.Framework.Utils.csproj", "{03849015-FDD8-4101-A203-9456E7794E09}"
EndProject
Project("{FAE04EC0-301F-11D3-BF4B-00C04F79EFBC}") = "CL.DAL.DataModel", "04_DataAccess\CL.DAL.DataModel\CL.DAL.DataModel.csproj", "{A4CC6E19-D98F-4F04-88E6-2CA05FF1E1E6}"
EndProject
Project("{FAE04EC0-301F-11D3-BF4B-00C04F79EFBC}") = "CL.Plugin.Excel", "06_Plugins\CL.Plugin.Excel\CL.Plugin.Excel.csproj", "{D6CF8B0C-0C02-4588-9718-9DEECA0CA356}"
EndProject
Project("{2150E333-8FDC-42A3-9474-1A3956D46DE8}") = "10_OOA", "10_OOA", "{4BF8F04B-E63F-4C0F-9DAC-1C697E72877F}"
EndProject
Project("{F088123C-0E9E-452A-89E6-6BA2F21D5CAC}") = "CL.Model.UML", "10_OOA\CL.Model.UML\CL.Model.UML.modelproj", "{320707D8-26BD-47AE-8EB4-71BB44C2F2B9}"
EndProject
Project("{FAE04EC0-301F-11D3-BF4B-00C04F79EFBC}") = "CL.Services.WinService", "02_Services\CL.Services.WinService\CL.Services.WinService.csproj", "{64509432-29BD-4729-BA36-72E6CF0F8487}"
EndProject
Project("{FAE04EC0-301F-11D3-BF4B-00C04F79EFBC}") = "CL.Test.Demo", "08_Tests\CL.Test.Demo\CL.Test.Demo.csproj", "{183209A8-E19C-4F08-96D1-E4C578EBDCB9}"
EndProject
Project("{FAE04EC0-301F-11D3-BF4B-00C04F79EFBC}") = "CL.Plugin.KuaiDi", "06_Plugins\CL.Plugin.KuaiDi\CL.Plugin.KuaiDi.csproj", "{146873EE-D35E-4F85-82EB-EC693C42D3BC}"
EndProject
Project("{FAE04EC0-301F-11D3-BF4B-00C04F79EFBC}") = "CL.DAL.DataAccess", "04_DataAccess\CL.DAL.DataAccess\CL.DAL.DataAccess.csproj", "{72732299-7817-46B4-95DF-0DEC070C21DC}"
EndProject
Project("{FAE04EC0-301F-11D3-BF4B-00C04F79EFBC}") = "CL.Web.Background", "01_Presentation\CL.Web.Background\CL.Web.Background.csproj", "{273A0A2B-7D63-4806-95E5-9F370EA189DD}"
EndProject
Project("{FAE04EC0-301F-11D3-BF4B-00C04F79EFBC}") = "CL.Biz.Common", "03_Business\CL.Biz.Common\CL.Biz.Common.csproj", "{FEB98053-5AAE-41E7-8626-61D7C5E56E92}"
EndProject
Project("{FAE04EC0-301F-11D3-BF4B-00C04F79EFBC}") = "CL.CrossDomain.DomainModel.Background", "05_CrossDomain\CL.CrossDomain.DomainModel.Background\CL.CrossDomain.DomainModel.Background.csproj", "{EBBCE354-F20F-4004-9529-3AC0AA57EBF5}"
EndProject
Project("{FAE04EC0-301F-11D3-BF4B-00C04F79EFBC}") = "CL.Biz.Background", "03_Business\CL.Biz.Background\CL.Biz.Background.csproj", "{D86969EE-F993-43C3-A5E4-2983B110016D}"
EndProject
Project("{2150E333-8FDC-42A3-9474-1A3956D46DE8}") = "DB", "DB", "{9980F2E4-3E82-4C78-A2E8-72D40405BD64}"
EndProject
Project("{2150E333-8FDC-42A3-9474-1A3956D46DE8}") = "PD", "PD", "{0804142E-7E47-456A-8A51-9C2F7A7D4911}"
	ProjectSection(SolutionItems) = preProject
		07_Documents\DB\PD\CodeLibrayDB.pdb = 07_Documents\DB\PD\CodeLibrayDB.pdb
		07_Documents\DB\PD\CodeLibrayDB.pdm = 07_Documents\DB\PD\CodeLibrayDB.pdm
	EndProjectSection
EndProject
Project("{2150E333-8FDC-42A3-9474-1A3956D46DE8}") = "SQL", "SQL", "{199BF0A7-D6D1-45AC-8758-6D262F8910F3}"
	ProjectSection(SolutionItems) = preProject
		07_Documents\DB\SQL\游标.sql = 07_Documents\DB\SQL\游标.sql
	EndProjectSection
EndProject
Global
	GlobalSection(SolutionConfigurationPlatforms) = preSolution
		Debug|Any CPU = Debug|Any CPU
		Release|Any CPU = Release|Any CPU
	EndGlobalSection
	GlobalSection(ProjectConfigurationPlatforms) = postSolution
		{05A083CB-245E-47A4-A17E-07D8C74C4BDC}.Debug|Any CPU.ActiveCfg = Debug|Any CPU
		{05A083CB-245E-47A4-A17E-07D8C74C4BDC}.Debug|Any CPU.Build.0 = Debug|Any CPU
		{05A083CB-245E-47A4-A17E-07D8C74C4BDC}.Release|Any CPU.ActiveCfg = Release|Any CPU
		{05A083CB-245E-47A4-A17E-07D8C74C4BDC}.Release|Any CPU.Build.0 = Release|Any CPU
		{A0676043-ADCA-4961-BA43-D7E2D7C60584}.Debug|Any CPU.ActiveCfg = Debug|Any CPU
		{A0676043-ADCA-4961-BA43-D7E2D7C60584}.Debug|Any CPU.Build.0 = Debug|Any CPU
		{A0676043-ADCA-4961-BA43-D7E2D7C60584}.Release|Any CPU.ActiveCfg = Release|Any CPU
		{A0676043-ADCA-4961-BA43-D7E2D7C60584}.Release|Any CPU.Build.0 = Release|Any CPU
		{2AB08D41-0F4F-45BC-A81B-0FA604DCC527}.Debug|Any CPU.ActiveCfg = Debug|Any CPU
		{2AB08D41-0F4F-45BC-A81B-0FA604DCC527}.Debug|Any CPU.Build.0 = Debug|Any CPU
		{2AB08D41-0F4F-45BC-A81B-0FA604DCC527}.Release|Any CPU.ActiveCfg = Release|Any CPU
		{2AB08D41-0F4F-45BC-A81B-0FA604DCC527}.Release|Any CPU.Build.0 = Release|Any CPU
		{0ED1220A-912D-401A-8307-4154537B6CF1}.Debug|Any CPU.ActiveCfg = Debug|Any CPU
		{0ED1220A-912D-401A-8307-4154537B6CF1}.Debug|Any CPU.Build.0 = Debug|Any CPU
		{0ED1220A-912D-401A-8307-4154537B6CF1}.Release|Any CPU.ActiveCfg = Release|Any CPU
		{0ED1220A-912D-401A-8307-4154537B6CF1}.Release|Any CPU.Build.0 = Release|Any CPU
		{749E5B76-ABE1-49D9-8CBF-FADCB1FA65C2}.Debug|Any CPU.ActiveCfg = Debug|Any CPU
		{749E5B76-ABE1-49D9-8CBF-FADCB1FA65C2}.Debug|Any CPU.Build.0 = Debug|Any CPU
		{749E5B76-ABE1-49D9-8CBF-FADCB1FA65C2}.Release|Any CPU.ActiveCfg = Release|Any CPU
		{749E5B76-ABE1-49D9-8CBF-FADCB1FA65C2}.Release|Any CPU.Build.0 = Release|Any CPU
		{A5656E81-32E6-4636-A384-82DD25F00651}.Debug|Any CPU.ActiveCfg = Debug|Any CPU
		{A5656E81-32E6-4636-A384-82DD25F00651}.Debug|Any CPU.Build.0 = Debug|Any CPU
		{A5656E81-32E6-4636-A384-82DD25F00651}.Release|Any CPU.ActiveCfg = Release|Any CPU
		{A5656E81-32E6-4636-A384-82DD25F00651}.Release|Any CPU.Build.0 = Release|Any CPU
		{03849015-FDD8-4101-A203-9456E7794E09}.Debug|Any CPU.ActiveCfg = Debug|Any CPU
		{03849015-FDD8-4101-A203-9456E7794E09}.Debug|Any CPU.Build.0 = Debug|Any CPU
		{03849015-FDD8-4101-A203-9456E7794E09}.Release|Any CPU.ActiveCfg = Release|Any CPU
		{03849015-FDD8-4101-A203-9456E7794E09}.Release|Any CPU.Build.0 = Release|Any CPU
		{A4CC6E19-D98F-4F04-88E6-2CA05FF1E1E6}.Debug|Any CPU.ActiveCfg = Debug|Any CPU
		{A4CC6E19-D98F-4F04-88E6-2CA05FF1E1E6}.Debug|Any CPU.Build.0 = Debug|Any CPU
		{A4CC6E19-D98F-4F04-88E6-2CA05FF1E1E6}.Release|Any CPU.ActiveCfg = Release|Any CPU
		{A4CC6E19-D98F-4F04-88E6-2CA05FF1E1E6}.Release|Any CPU.Build.0 = Release|Any CPU
		{D6CF8B0C-0C02-4588-9718-9DEECA0CA356}.Debug|Any CPU.ActiveCfg = Debug|Any CPU
		{D6CF8B0C-0C02-4588-9718-9DEECA0CA356}.Debug|Any CPU.Build.0 = Debug|Any CPU
		{D6CF8B0C-0C02-4588-9718-9DEECA0CA356}.Release|Any CPU.ActiveCfg = Release|Any CPU
		{D6CF8B0C-0C02-4588-9718-9DEECA0CA356}.Release|Any CPU.Build.0 = Release|Any CPU
		{320707D8-26BD-47AE-8EB4-71BB44C2F2B9}.Debug|Any CPU.ActiveCfg = Debug|Any CPU
		{320707D8-26BD-47AE-8EB4-71BB44C2F2B9}.Debug|Any CPU.Build.0 = Debug|Any CPU
		{320707D8-26BD-47AE-8EB4-71BB44C2F2B9}.Release|Any CPU.ActiveCfg = Release|Any CPU
		{320707D8-26BD-47AE-8EB4-71BB44C2F2B9}.Release|Any CPU.Build.0 = Release|Any CPU
		{64509432-29BD-4729-BA36-72E6CF0F8487}.Debug|Any CPU.ActiveCfg = Debug|Any CPU
		{64509432-29BD-4729-BA36-72E6CF0F8487}.Debug|Any CPU.Build.0 = Debug|Any CPU
		{64509432-29BD-4729-BA36-72E6CF0F8487}.Release|Any CPU.ActiveCfg = Release|Any CPU
		{64509432-29BD-4729-BA36-72E6CF0F8487}.Release|Any CPU.Build.0 = Release|Any CPU
		{183209A8-E19C-4F08-96D1-E4C578EBDCB9}.Debug|Any CPU.ActiveCfg = Debug|Any CPU
		{183209A8-E19C-4F08-96D1-E4C578EBDCB9}.Debug|Any CPU.Build.0 = Debug|Any CPU
		{183209A8-E19C-4F08-96D1-E4C578EBDCB9}.Release|Any CPU.ActiveCfg = Release|Any CPU
		{183209A8-E19C-4F08-96D1-E4C578EBDCB9}.Release|Any CPU.Build.0 = Release|Any CPU
		{146873EE-D35E-4F85-82EB-EC693C42D3BC}.Debug|Any CPU.ActiveCfg = Debug|Any CPU
		{146873EE-D35E-4F85-82EB-EC693C42D3BC}.Debug|Any CPU.Build.0 = Debug|Any CPU
		{146873EE-D35E-4F85-82EB-EC693C42D3BC}.Release|Any CPU.ActiveCfg = Release|Any CPU
		{146873EE-D35E-4F85-82EB-EC693C42D3BC}.Release|Any CPU.Build.0 = Release|Any CPU
		{72732299-7817-46B4-95DF-0DEC070C21DC}.Debug|Any CPU.ActiveCfg = Debug|Any CPU
		{72732299-7817-46B4-95DF-0DEC070C21DC}.Debug|Any CPU.Build.0 = Debug|Any CPU
		{72732299-7817-46B4-95DF-0DEC070C21DC}.Release|Any CPU.ActiveCfg = Release|Any CPU
		{72732299-7817-46B4-95DF-0DEC070C21DC}.Release|Any CPU.Build.0 = Release|Any CPU
		{273A0A2B-7D63-4806-95E5-9F370EA189DD}.Debug|Any CPU.ActiveCfg = Debug|Any CPU
		{273A0A2B-7D63-4806-95E5-9F370EA189DD}.Debug|Any CPU.Build.0 = Debug|Any CPU
		{273A0A2B-7D63-4806-95E5-9F370EA189DD}.Release|Any CPU.ActiveCfg = Release|Any CPU
		{273A0A2B-7D63-4806-95E5-9F370EA189DD}.Release|Any CPU.Build.0 = Release|Any CPU
		{FEB98053-5AAE-41E7-8626-61D7C5E56E92}.Debug|Any CPU.ActiveCfg = Debug|Any CPU
		{FEB98053-5AAE-41E7-8626-61D7C5E56E92}.Debug|Any CPU.Build.0 = Debug|Any CPU
		{FEB98053-5AAE-41E7-8626-61D7C5E56E92}.Release|Any CPU.ActiveCfg = Release|Any CPU
		{FEB98053-5AAE-41E7-8626-61D7C5E56E92}.Release|Any CPU.Build.0 = Release|Any CPU
		{EBBCE354-F20F-4004-9529-3AC0AA57EBF5}.Debug|Any CPU.ActiveCfg = Debug|Any CPU
		{EBBCE354-F20F-4004-9529-3AC0AA57EBF5}.Debug|Any CPU.Build.0 = Debug|Any CPU
		{EBBCE354-F20F-4004-9529-3AC0AA57EBF5}.Release|Any CPU.ActiveCfg = Release|Any CPU
		{EBBCE354-F20F-4004-9529-3AC0AA57EBF5}.Release|Any CPU.Build.0 = Release|Any CPU
		{D86969EE-F993-43C3-A5E4-2983B110016D}.Debug|Any CPU.ActiveCfg = Debug|Any CPU
		{D86969EE-F993-43C3-A5E4-2983B110016D}.Debug|Any CPU.Build.0 = Debug|Any CPU
		{D86969EE-F993-43C3-A5E4-2983B110016D}.Release|Any CPU.ActiveCfg = Release|Any CPU
		{D86969EE-F993-43C3-A5E4-2983B110016D}.Release|Any CPU.Build.0 = Release|Any CPU
	EndGlobalSection
	GlobalSection(SolutionProperties) = preSolution
		HideSolutionNode = FALSE
	EndGlobalSection
	GlobalSection(NestedProjects) = preSolution
		{A0676043-ADCA-4961-BA43-D7E2D7C60584} = {29CB356C-4D16-4222-BB65-1CF14DAF0D09}
		{273A0A2B-7D63-4806-95E5-9F370EA189DD} = {29CB356C-4D16-4222-BB65-1CF14DAF0D09}
		{2AB08D41-0F4F-45BC-A81B-0FA604DCC527} = {632319E1-E160-4169-8555-A59448435C7F}
		{64509432-29BD-4729-BA36-72E6CF0F8487} = {632319E1-E160-4169-8555-A59448435C7F}
		{FEB98053-5AAE-41E7-8626-61D7C5E56E92} = {FA8AC2E6-A319-4F04-A90B-30211CE9ECB2}
		{D86969EE-F993-43C3-A5E4-2983B110016D} = {FA8AC2E6-A319-4F04-A90B-30211CE9ECB2}
		{A4CC6E19-D98F-4F04-88E6-2CA05FF1E1E6} = {4C21BC18-0D88-486A-BC2C-51FF8710A281}
		{72732299-7817-46B4-95DF-0DEC070C21DC} = {4C21BC18-0D88-486A-BC2C-51FF8710A281}
		{0ED1220A-912D-401A-8307-4154537B6CF1} = {D69B0DCB-8434-4A2C-A75C-EC175EAA265C}
		{749E5B76-ABE1-49D9-8CBF-FADCB1FA65C2} = {D69B0DCB-8434-4A2C-A75C-EC175EAA265C}
		{EBBCE354-F20F-4004-9529-3AC0AA57EBF5} = {D69B0DCB-8434-4A2C-A75C-EC175EAA265C}
		{05A083CB-245E-47A4-A17E-07D8C74C4BDC} = {124A409A-0DA3-4528-80AD-31B16C0BAC0A}
		{D6CF8B0C-0C02-4588-9718-9DEECA0CA356} = {124A409A-0DA3-4528-80AD-31B16C0BAC0A}
		{146873EE-D35E-4F85-82EB-EC693C42D3BC} = {124A409A-0DA3-4528-80AD-31B16C0BAC0A}
		{9980F2E4-3E82-4C78-A2E8-72D40405BD64} = {56B44241-8B82-470F-AC02-9CB264904EE5}
		{183209A8-E19C-4F08-96D1-E4C578EBDCB9} = {DA1937A2-A4FD-4DE8-B12C-472009D7D960}
		{A5656E81-32E6-4636-A384-82DD25F00651} = {AF92FC81-E7A1-4AB0-AA35-B279F423593A}
		{03849015-FDD8-4101-A203-9456E7794E09} = {AF92FC81-E7A1-4AB0-AA35-B279F423593A}
		{320707D8-26BD-47AE-8EB4-71BB44C2F2B9} = {4BF8F04B-E63F-4C0F-9DAC-1C697E72877F}
		{0804142E-7E47-456A-8A51-9C2F7A7D4911} = {9980F2E4-3E82-4C78-A2E8-72D40405BD64}
		{199BF0A7-D6D1-45AC-8758-6D262F8910F3} = {9980F2E4-3E82-4C78-A2E8-72D40405BD64}
	EndGlobalSection
EndGlobal
